
Microsoft Visual Studio Solution File, Format Version 11.00
# Visual Studio 2010
Project("{8BC9CEB8-8B4A-11D0-8D11-00A0C91BC942}") = "WinUI", "WinUI\WinUI.vcxproj", "{D5EB4C63-6EBF-4F66-9A29-CBE4057BF119}"
EndProject
Project("{8BC9CEB8-8B4A-11D0-8D11-00A0C91BC942}") = "main", "main\main.vcxproj", "{1A37CF6A-DE3F-4FF2-B02C-5256397749F0}"
EndProject
Project("{8BC9CEB8-8B4A-11D0-8D11-00A0C91BC942}") = "mainWin", "mainWin\mainWin.vcxproj", "{F4B3B4BF-1C61-4F26-A40E-6C940542730C}"
EndProject
Project("{8BC9CEB8-8B4A-11D0-8D11-00A0C91BC942}") = "WinDig", "WinDig\WinDig.vcxproj", "{410A162A-15E8-4F4B-8393-DA4A3D0A4FC8}"
EndProject
Project("{8BC9CEB8-8B4A-11D0-8D11-00A0C91BC942}") = "WinDigEx", "WinDigEx\WinDigEx.vcxproj", "{FF0776CC-BA40-4459-8627-02E876530DCB}"
EndProject
Project("{8BC9CEB8-8B4A-11D0-8D11-00A0C91BC942}") = "WinGDI", "WinGDI\WinGDI.vcxproj", "{2F89351A-844A-4145-B6C9-6775425937D4}"
EndProject
Project("{8BC9CEB8-8B4A-11D0-8D11-00A0C91BC942}") = "WinGui3", "WinGui3\WinGui3.vcxproj", "{54A50101-B5BB-4283-9ACE-1F37AB6951E9}"
EndProject
Project("{8BC9CEB8-8B4A-11D0-8D11-00A0C91BC942}") = "WinGDIEx", "WinGDIEx\WinGDIEx.vcxproj", "{47082C0B-474C-43CA-8442-23D3D0099D2F}"
EndProject
Project("{8BC9CEB8-8B4A-11D0-8D11-00A0C91BC942}") = "WinGui1", "WinGui1\WinGui1.vcxproj", "{5D7CDDD5-D0F4-4F5E-9BC7-97F2ECF79773}"
EndProject
Project("{8BC9CEB8-8B4A-11D0-8D11-00A0C91BC942}") = "WinGui2", "WinGui2\WinGui2.vcxproj", "{62D21F33-3A43-419F-BDEB-331D0A93BF5F}"
EndProject
Project("{8BC9CEB8-8B4A-11D0-8D11-00A0C91BC942}") = "WinGuiT", "WinGuiT\WinGuiT\WinGuiT.vcxproj", "{09FE262A-5689-40AB-B6FE-2BE7EEE8FA90}"
EndProject
Project("{8BC9CEB8-8B4A-11D0-8D11-00A0C91BC942}") = "WinGui", "WinButton\WinButton\WinButton.vcxproj", "{2BE6F277-F71D-49E1-8D66-9EB2F9B9623B}"
EndProject
Project("{8BC9CEB8-8B4A-11D0-8D11-00A0C91BC942}") = "MFCcalc", "MFCcalc\MFCcalc\MFCcalc.vcxproj", "{7EF9CB2D-D84D-4114-8C48-5474773418DE}"
EndProject
Global
	GlobalSection(SolutionConfigurationPlatforms) = preSolution
		Debug|Win32 = Debug|Win32
		Release|Win32 = Release|Win32
	EndGlobalSection
	GlobalSection(ProjectConfigurationPlatforms) = postSolution
		{D5EB4C63-6EBF-4F66-9A29-CBE4057BF119}.Debug|Win32.ActiveCfg = Debug|Win32
		{D5EB4C63-6EBF-4F66-9A29-CBE4057BF119}.Debug|Win32.Build.0 = Debug|Win32
		{D5EB4C63-6EBF-4F66-9A29-CBE4057BF119}.Release|Win32.ActiveCfg = Release|Win32
		{D5EB4C63-6EBF-4F66-9A29-CBE4057BF119}.Release|Win32.Build.0 = Release|Win32
		{1A37CF6A-DE3F-4FF2-B02C-5256397749F0}.Debug|Win32.ActiveCfg = Debug|Win32
		{1A37CF6A-DE3F-4FF2-B02C-5256397749F0}.Debug|Win32.Build.0 = Debug|Win32
		{1A37CF6A-DE3F-4FF2-B02C-5256397749F0}.Release|Win32.ActiveCfg = Release|Win32
		{1A37CF6A-DE3F-4FF2-B02C-5256397749F0}.Release|Win32.Build.0 = Release|Win32
		{F4B3B4BF-1C61-4F26-A40E-6C940542730C}.Debug|Win32.ActiveCfg = Debug|Win32
		{F4B3B4BF-1C61-4F26-A40E-6C940542730C}.Debug|Win32.Build.0 = Debug|Win32
		{F4B3B4BF-1C61-4F26-A40E-6C940542730C}.Release|Win32.ActiveCfg = Release|Win32
		{F4B3B4BF-1C61-4F26-A40E-6C940542730C}.Release|Win32.Build.0 = Release|Win32
		{410A162A-15E8-4F4B-8393-DA4A3D0A4FC8}.Debug|Win32.ActiveCfg = Debug|Win32
		{410A162A-15E8-4F4B-8393-DA4A3D0A4FC8}.Debug|Win32.Build.0 = Debug|Win32
		{410A162A-15E8-4F4B-8393-DA4A3D0A4FC8}.Release|Win32.ActiveCfg = Release|Win32
		{410A162A-15E8-4F4B-8393-DA4A3D0A4FC8}.Release|Win32.Build.0 = Release|Win32
		{FF0776CC-BA40-4459-8627-02E876530DCB}.Debug|Win32.ActiveCfg = Debug|Win32
		{FF0776CC-BA40-4459-8627-02E876530DCB}.Debug|Win32.Build.0 = Debug|Win32
		{FF0776CC-BA40-4459-8627-02E876530DCB}.Release|Win32.ActiveCfg = Release|Win32
		{FF0776CC-BA40-4459-8627-02E876530DCB}.Release|Win32.Build.0 = Release|Win32
		{2F89351A-844A-4145-B6C9-6775425937D4}.Debug|Win32.ActiveCfg = Debug|Win32
		{2F89351A-844A-4145-B6C9-6775425937D4}.Debug|Win32.Build.0 = Debug|Win32
		{2F89351A-844A-4145-B6C9-6775425937D4}.Release|Win32.ActiveCfg = Release|Win32
		{2F89351A-844A-4145-B6C9-6775425937D4}.Release|Win32.Build.0 = Release|Win32
		{54A50101-B5BB-4283-9ACE-1F37AB6951E9}.Debug|Win32.ActiveCfg = Debug|Win32
		{54A50101-B5BB-4283-9ACE-1F37AB6951E9}.Debug|Win32.Build.0 = Debug|Win32
		{54A50101-B5BB-4283-9ACE-1F37AB6951E9}.Release|Win32.ActiveCfg = Release|Win32
		{54A50101-B5BB-4283-9ACE-1F37AB6951E9}.Release|Win32.Build.0 = Release|Win32
		{47082C0B-474C-43CA-8442-23D3D0099D2F}.Debug|Win32.ActiveCfg = Debug|Win32
		{47082C0B-474C-43CA-8442-23D3D0099D2F}.Debug|Win32.Build.0 = Debug|Win32
		{47082C0B-474C-43CA-8442-23D3D0099D2F}.Release|Win32.ActiveCfg = Release|Win32
		{47082C0B-474C-43CA-8442-23D3D0099D2F}.Release|Win32.Build.0 = Release|Win32
		{5D7CDDD5-D0F4-4F5E-9BC7-97F2ECF79773}.Debug|Win32.ActiveCfg = Debug|Win32
		{5D7CDDD5-D0F4-4F5E-9BC7-97F2ECF79773}.Debug|Win32.Build.0 = Debug|Win32
		{5D7CDDD5-D0F4-4F5E-9BC7-97F2ECF79773}.Release|Win32.ActiveCfg = Release|Win32
		{5D7CDDD5-D0F4-4F5E-9BC7-97F2ECF79773}.Release|Win32.Build.0 = Release|Win32
		{62D21F33-3A43-419F-BDEB-331D0A93BF5F}.Debug|Win32.ActiveCfg = Debug|Win32
		{62D21F33-3A43-419F-BDEB-331D0A93BF5F}.Debug|Win32.Build.0 = Debug|Win32
		{62D21F33-3A43-419F-BDEB-331D0A93BF5F}.Release|Win32.ActiveCfg = Release|Win32
		{62D21F33-3A43-419F-BDEB-331D0A93BF5F}.Release|Win32.Build.0 = Release|Win32
		{09FE262A-5689-40AB-B6FE-2BE7EEE8FA90}.Debug|Win32.ActiveCfg = Debug|Win32
		{09FE262A-5689-40AB-B6FE-2BE7EEE8FA90}.Debug|Win32.Build.0 = Debug|Win32
		{09FE262A-5689-40AB-B6FE-2BE7EEE8FA90}.Release|Win32.ActiveCfg = Release|Win32
		{09FE262A-5689-40AB-B6FE-2BE7EEE8FA90}.Release|Win32.Build.0 = Release|Win32
		{2BE6F277-F71D-49E1-8D66-9EB2F9B9623B}.Debug|Win32.ActiveCfg = Debug|Win32
		{2BE6F277-F71D-49E1-8D66-9EB2F9B9623B}.Debug|Win32.Build.0 = Debug|Win32
		{2BE6F277-F71D-49E1-8D66-9EB2F9B9623B}.Release|Win32.ActiveCfg = Release|Win32
		{2BE6F277-F71D-49E1-8D66-9EB2F9B9623B}.Release|Win32.Build.0 = Release|Win32
		{7EF9CB2D-D84D-4114-8C48-5474773418DE}.Debug|Win32.ActiveCfg = Debug|Win32
		{7EF9CB2D-D84D-4114-8C48-5474773418DE}.Debug|Win32.Build.0 = Debug|Win32
		{7EF9CB2D-D84D-4114-8C48-5474773418DE}.Release|Win32.ActiveCfg = Release|Win32
		{7EF9CB2D-D84D-4114-8C48-5474773418DE}.Release|Win32.Build.0 = Release|Win32
	EndGlobalSection
	GlobalSection(SolutionProperties) = preSolution
		HideSolutionNode = FALSE
	EndGlobalSection
EndGlobal
